
Microsoft Visual Studio Solution File, Format Version 12.00
# Visual Studio 15
VisualStudioVersion = 15.0.27703.2047
MinimumVisualStudioVersion = 10.0.40219.1
Project("{FAE04EC0-301F-11D3-BF4B-00C04F79EFBC}") = "RoodLettertypeChaos", "RoodLettertypeChaos\RoodLettertypeChaos.csproj", "{DA4BA0E0-4E86-4CC3-8570-9F988F389DE9}"
EndProject
Global
	GlobalSection(SolutionConfigurationPlatforms) = preSolution
		Debug|Any CPU = Debug|Any CPU
		Release|Any CPU = Release|Any CPU
	EndGlobalSection
	GlobalSection(ProjectConfigurationPlatforms) = postSolution
		{DA4BA0E0-4E86-4CC3-8570-9F988F389DE9}.Debug|Any CPU.ActiveCfg = Debug|Any CPU
		{DA4BA0E0-4E86-4CC3-8570-9F988F389DE9}.Debug|Any CPU.Build.0 = Debug|Any CPU
		{DA4BA0E0-4E86-4CC3-8570-9F988F389DE9}.Release|Any CPU.ActiveCfg = Release|Any CPU
		{DA4BA0E0-4E86-4CC3-8570-9F988F389DE9}.Release|Any CPU.Build.0 = Release|Any CPU
	EndGlobalSection
	GlobalSection(SolutionProperties) = preSolution
		HideSolutionNode = FALSE
	EndGlobalSection
	GlobalSection(ExtensibilityGlobals) = postSolution
		SolutionGuid = {87656B7A-3F7A-4338-85F5-B57489107F80}
	EndGlobalSection
EndGlobal
